// !$*UTF8*$!
{
	archiveVersion = 1;
	classes = {
	};
	objectVersion = 46;
	objects = {

/* Begin PBXBuildFile section */
		D02C2A051A21113B00A104C6 /* BDTTest.c in Sources */ = {isa = PBXBuildFile; fileRef = D02C29EE1A21113B00A104C6 /* BDTTest.c */; };
		D02C2A061A21113B00A104C6 /* Commands.c in Sources */ = {isa = PBXBuildFile; fileRef = D02C29F11A21113B00A104C6 /* Commands.c */; };
		D02C2A071A21113B00A104C6 /* DFChanges.c in Sources */ = {isa = PBXBuildFile; fileRef = D02C29F31A21113B00A104C6 /* DFChanges.c */; };
		D02C2A081A21113B00A104C6 /* FunctionTests.m in Sources */ = {isa = PBXBuildFile; fileRef = D02C29F71A21113B00A104C6 /* FunctionTests.m */; };
		D02C2A091A21113B00A104C6 /* main.c in Sources */ = {isa = PBXBuildFile; fileRef = D02C29F81A21113B00A104C6 /* main.c */; };
		D02C2A0A1A21113B00A104C6 /* Plain.c in Sources */ = {isa = PBXBuildFile; fileRef = D02C29F91A21113B00A104C6 /* Plain.c */; };
		D02C2A0B1A21113B00A104C6 /* StringTests.m in Sources */ = {isa = PBXBuildFile; fileRef = D02C29FC1A21113B00A104C6 /* StringTests.m */; };
		D02C2A0C1A21113B00A104C6 /* Test.c in Sources */ = {isa = PBXBuildFile; fileRef = D02C29FD1A21113B00A104C6 /* Test.c */; };
		D02C2A0D1A21113B00A104C6 /* TestCase.c in Sources */ = {isa = PBXBuildFile; fileRef = D02C29FF1A21113B00A104C6 /* TestCase.c */; };
		D02C2A0E1A21113B00A104C6 /* TestFunctions.c in Sources */ = {isa = PBXBuildFile; fileRef = D02C2A011A21113B00A104C6 /* TestFunctions.c */; };
		D02C2A0F1A21113B00A104C6 /* TextPackage.c in Sources */ = {isa = PBXBuildFile; fileRef = D02C2A031A21113B00A104C6 /* TextPackage.c */; };
		D0355E6A1999D3AB00EC7190 /* Foundation.framework in Frameworks */ = {isa = PBXBuildFile; fileRef = D0355E691999D3AB00EC7190 /* Foundation.framework */; };
		D0D69C671999D44300BA1C5F /* DocFormats.framework in Frameworks */ = {isa = PBXBuildFile; fileRef = D0D69C661999D44300BA1C5F /* DocFormats.framework */; };
/* End PBXBuildFile section */

/* Begin PBXCopyFilesBuildPhase section */
		D0355E641999D3AB00EC7190 /* CopyFiles */ = {
			isa = PBXCopyFilesBuildPhase;
			buildActionMask = 2147483647;
			dstPath = /usr/share/man/man1/;
			dstSubfolderSpec = 0;
			files = (
			);
			runOnlyForDeploymentPostprocessing = 1;
		};
/* End PBXCopyFilesBuildPhase section */

/* Begin PBXFileReference section */
		D02C29EE1A21113B00A104C6 /* BDTTest.c */ = {isa = PBXFileReference; fileEncoding = 4; lastKnownFileType = sourcecode.c.c; path = BDTTest.c; sourceTree = "<group>"; };
		D02C29EF1A21113B00A104C6 /* BDTTest.h */ = {isa = PBXFileReference; fileEncoding = 4; lastKnownFileType = sourcecode.c.h; path = BDTTest.h; sourceTree = "<group>"; };
		D02C29F11A21113B00A104C6 /* Commands.c */ = {isa = PBXFileReference; fileEncoding = 4; lastKnownFileType = sourcecode.c.c; path = Commands.c; sourceTree = "<group>"; };
		D02C29F21A21113B00A104C6 /* Commands.h */ = {isa = PBXFileReference; fileEncoding = 4; lastKnownFileType = sourcecode.c.h; path = Commands.h; sourceTree = "<group>"; };
		D02C29F31A21113B00A104C6 /* DFChanges.c */ = {isa = PBXFileReference; fileEncoding = 4; lastKnownFileType = sourcecode.c.c; path = DFChanges.c; sourceTree = "<group>"; };
		D02C29F41A21113B00A104C6 /* DFChanges.h */ = {isa = PBXFileReference; fileEncoding = 4; lastKnownFileType = sourcecode.c.h; path = DFChanges.h; sourceTree = "<group>"; };
		D02C29F51A21113B00A104C6 /* dfutil-Prefix.pch */ = {isa = PBXFileReference; fileEncoding = 4; lastKnownFileType = sourcecode.c.h; path = "dfutil-Prefix.pch"; sourceTree = "<group>"; };
		D02C29F61A21113B00A104C6 /* FunctionTests.h */ = {isa = PBXFileReference; fileEncoding = 4; lastKnownFileType = sourcecode.c.h; path = FunctionTests.h; sourceTree = "<group>"; };
		D02C29F71A21113B00A104C6 /* FunctionTests.m */ = {isa = PBXFileReference; fileEncoding = 4; lastKnownFileType = sourcecode.c.objc; path = FunctionTests.m; sourceTree = "<group>"; };
		D02C29F81A21113B00A104C6 /* main.c */ = {isa = PBXFileReference; fileEncoding = 4; lastKnownFileType = sourcecode.c.c; path = main.c; sourceTree = "<group>"; };
		D02C29F91A21113B00A104C6 /* Plain.c */ = {isa = PBXFileReference; fileEncoding = 4; lastKnownFileType = sourcecode.c.c; path = Plain.c; sourceTree = "<group>"; };
		D02C29FA1A21113B00A104C6 /* Plain.h */ = {isa = PBXFileReference; fileEncoding = 4; lastKnownFileType = sourcecode.c.h; path = Plain.h; sourceTree = "<group>"; };
		D02C29FB1A21113B00A104C6 /* StringTests.h */ = {isa = PBXFileReference; fileEncoding = 4; lastKnownFileType = sourcecode.c.h; path = StringTests.h; sourceTree = "<group>"; };
		D02C29FC1A21113B00A104C6 /* StringTests.m */ = {isa = PBXFileReference; fileEncoding = 4; lastKnownFileType = sourcecode.c.objc; path = StringTests.m; sourceTree = "<group>"; };
		D02C29FD1A21113B00A104C6 /* Test.c */ = {isa = PBXFileReference; fileEncoding = 4; lastKnownFileType = sourcecode.c.c; path = Test.c; sourceTree = "<group>"; };
		D02C29FE1A21113B00A104C6 /* Test.h */ = {isa = PBXFileReference; fileEncoding = 4; lastKnownFileType = sourcecode.c.h; path = Test.h; sourceTree = "<group>"; };
		D02C29FF1A21113B00A104C6 /* TestCase.c */ = {isa = PBXFileReference; fileEncoding = 4; lastKnownFileType = sourcecode.c.c; path = TestCase.c; sourceTree = "<group>"; };
		D02C2A001A21113B00A104C6 /* TestCase.h */ = {isa = PBXFileReference; fileEncoding = 4; lastKnownFileType = sourcecode.c.h; path = TestCase.h; sourceTree = "<group>"; };
		D02C2A011A21113B00A104C6 /* TestFunctions.c */ = {isa = PBXFileReference; fileEncoding = 4; lastKnownFileType = sourcecode.c.c; path = TestFunctions.c; sourceTree = "<group>"; };
		D02C2A021A21113B00A104C6 /* TestFunctions.h */ = {isa = PBXFileReference; fileEncoding = 4; lastKnownFileType = sourcecode.c.h; path = TestFunctions.h; sourceTree = "<group>"; };
		D02C2A031A21113B00A104C6 /* TextPackage.c */ = {isa = PBXFileReference; fileEncoding = 4; lastKnownFileType = sourcecode.c.c; path = TextPackage.c; sourceTree = "<group>"; };
		D02C2A041A21113B00A104C6 /* TextPackage.h */ = {isa = PBXFileReference; fileEncoding = 4; lastKnownFileType = sourcecode.c.h; path = TextPackage.h; sourceTree = "<group>"; };
		D0355E661999D3AB00EC7190 /* dfutil */ = {isa = PBXFileReference; explicitFileType = "compiled.mach-o.executable"; includeInIndex = 0; path = dfutil; sourceTree = BUILT_PRODUCTS_DIR; };
		D0355E691999D3AB00EC7190 /* Foundation.framework */ = {isa = PBXFileReference; lastKnownFileType = wrapper.framework; name = Foundation.framework; path = System/Library/Frameworks/Foundation.framework; sourceTree = SDKROOT; };
		D0D69C661999D44300BA1C5F /* DocFormats.framework */ = {isa = PBXFileReference; lastKnownFileType = wrapper.framework; name = DocFormats.framework; path = ../DerivedData/Build/Products/Debug/DocFormats.framework; sourceTree = "<group>"; };
/* End PBXFileReference section */

/* Begin PBXFrameworksBuildPhase section */
		D0355E631999D3AB00EC7190 /* Frameworks */ = {
			isa = PBXFrameworksBuildPhase;
			buildActionMask = 2147483647;
			files = (
				D0D69C671999D44300BA1C5F /* DocFormats.framework in Frameworks */,
				D0355E6A1999D3AB00EC7190 /* Foundation.framework in Frameworks */,
			);
			runOnlyForDeploymentPostprocessing = 0;
		};
/* End PBXFrameworksBuildPhase section */

/* Begin PBXGroup section */
		D02C29EC1A21113B00A104C6 /* dfutil */ = {
			isa = PBXGroup;
			children = (
				D02C29ED1A21113B00A104C6 /* src */,
			);
			name = dfutil;
			path = consumers/dfutil;
			sourceTree = "<group>";
		};
		D02C29ED1A21113B00A104C6 /* src */ = {
			isa = PBXGroup;
			children = (
				D02C29EE1A21113B00A104C6 /* BDTTest.c */,
				D02C29EF1A21113B00A104C6 /* BDTTest.h */,
				D02C29F11A21113B00A104C6 /* Commands.c */,
				D02C29F21A21113B00A104C6 /* Commands.h */,
				D02C29F31A21113B00A104C6 /* DFChanges.c */,
				D02C29F41A21113B00A104C6 /* DFChanges.h */,
				D02C29F61A21113B00A104C6 /* FunctionTests.h */,
				D02C29F71A21113B00A104C6 /* FunctionTests.m */,
				D02C29F81A21113B00A104C6 /* main.c */,
				D02C29F91A21113B00A104C6 /* Plain.c */,
				D02C29FA1A21113B00A104C6 /* Plain.h */,
				D02C29FB1A21113B00A104C6 /* StringTests.h */,
				D02C29FC1A21113B00A104C6 /* StringTests.m */,
				D02C29FD1A21113B00A104C6 /* Test.c */,
				D02C29FE1A21113B00A104C6 /* Test.h */,
				D02C29FF1A21113B00A104C6 /* TestCase.c */,
				D02C2A001A21113B00A104C6 /* TestCase.h */,
				D02C2A011A21113B00A104C6 /* TestFunctions.c */,
				D02C2A021A21113B00A104C6 /* TestFunctions.h */,
				D02C2A031A21113B00A104C6 /* TextPackage.c */,
				D02C2A041A21113B00A104C6 /* TextPackage.h */,
				D02C2A101A21115800A104C6 /* Supporting Files */,
			);
			path = src;
			sourceTree = "<group>";
		};
		D02C2A101A21115800A104C6 /* Supporting Files */ = {
			isa = PBXGroup;
			children = (
				D02C29F51A21113B00A104C6 /* dfutil-Prefix.pch */,
			);
			name = "Supporting Files";
			sourceTree = "<group>";
		};
		D0355E5D1999D3AB00EC7190 = {
			isa = PBXGroup;
			children = (
				D02C29EC1A21113B00A104C6 /* dfutil */,
				D0355E681999D3AB00EC7190 /* Frameworks */,
				D0355E671999D3AB00EC7190 /* Products */,
			);
			sourceTree = "<group>";
		};
		D0355E671999D3AB00EC7190 /* Products */ = {
			isa = PBXGroup;
			children = (
				D0355E661999D3AB00EC7190 /* dfutil */,
			);
			name = Products;
			sourceTree = "<group>";
		};
		D0355E681999D3AB00EC7190 /* Frameworks */ = {
			isa = PBXGroup;
			children = (
				D0D69C661999D44300BA1C5F /* DocFormats.framework */,
				D0355E691999D3AB00EC7190 /* Foundation.framework */,
			);
			name = Frameworks;
			sourceTree = "<group>";
		};
/* End PBXGroup section */

/* Begin PBXNativeTarget section */
		D0355E651999D3AB00EC7190 /* dfutil */ = {
			isa = PBXNativeTarget;
			buildConfigurationList = D0355E741999D3AB00EC7190 /* Build configuration list for PBXNativeTarget "dfutil" */;
			buildPhases = (
				D0355E621999D3AB00EC7190 /* Sources */,
				D0355E631999D3AB00EC7190 /* Frameworks */,
				D0355E641999D3AB00EC7190 /* CopyFiles */,
			);
			buildRules = (
			);
			dependencies = (
			);
			name = dfutil;
			productName = dfutil;
			productReference = D0355E661999D3AB00EC7190 /* dfutil */;
			productType = "com.apple.product-type.tool";
		};
/* End PBXNativeTarget section */

/* Begin PBXProject section */
		D0355E5E1999D3AB00EC7190 /* Project object */ = {
			isa = PBXProject;
			attributes = {
				LastUpgradeCheck = 0510;
				ORGANIZATIONNAME = "UX Productivity Pty Ltd";
			};
			buildConfigurationList = D0355E611999D3AB00EC7190 /* Build configuration list for PBXProject "dfutil" */;
			compatibilityVersion = "Xcode 3.2";
			developmentRegion = English;
			hasScannedForEncodings = 0;
			knownRegions = (
				en,
			);
			mainGroup = D0355E5D1999D3AB00EC7190;
			productRefGroup = D0355E671999D3AB00EC7190 /* Products */;
			projectDirPath = "";
			projectRoot = "";
			targets = (
				D0355E651999D3AB00EC7190 /* dfutil */,
			);
		};
/* End PBXProject section */

/* Begin PBXSourcesBuildPhase section */
		D0355E621999D3AB00EC7190 /* Sources */ = {
			isa = PBXSourcesBuildPhase;
			buildActionMask = 2147483647;
			files = (
				D02C2A0A1A21113B00A104C6 /* Plain.c in Sources */,
				D02C2A091A21113B00A104C6 /* main.c in Sources */,
				D02C2A0F1A21113B00A104C6 /* TextPackage.c in Sources */,
				D02C2A0D1A21113B00A104C6 /* TestCase.c in Sources */,
				D02C2A0E1A21113B00A104C6 /* TestFunctions.c in Sources */,
				D02C2A051A21113B00A104C6 /* BDTTest.c in Sources */,
				D02C2A071A21113B00A104C6 /* DFChanges.c in Sources */,
				D02C2A061A21113B00A104C6 /* Commands.c in Sources */,
				D02C2A081A21113B00A104C6 /* FunctionTests.m in Sources */,
				D02C2A0B1A21113B00A104C6 /* StringTests.m in Sources */,
				D02C2A0C1A21113B00A104C6 /* Test.c in Sources */,
			);
			runOnlyForDeploymentPostprocessing = 0;
		};
/* End PBXSourcesBuildPhase section */

/* Begin XCBuildConfiguration section */
		D0355E721999D3AB00EC7190 /* Debug */ = {
			isa = XCBuildConfiguration;
			buildSettings = {
				ALWAYS_SEARCH_USER_PATHS = NO;
				CLANG_CXX_LANGUAGE_STANDARD = "gnu++0x";
				CLANG_CXX_LIBRARY = "libc++";
				CLANG_ENABLE_MODULES = YES;
				CLANG_ENABLE_OBJC_ARC = YES;
				CLANG_WARN_BOOL_CONVERSION = YES;
				CLANG_WARN_CONSTANT_CONVERSION = YES;
				CLANG_WARN_DIRECT_OBJC_ISA_USAGE = YES_ERROR;
				CLANG_WARN_EMPTY_BODY = YES;
				CLANG_WARN_ENUM_CONVERSION = YES;
				CLANG_WARN_INT_CONVERSION = YES;
				CLANG_WARN_OBJC_ROOT_CLASS = YES_ERROR;
				CLANG_WARN__DUPLICATE_METHOD_MATCH = YES;
				COPY_PHASE_STRIP = NO;
				GCC_C_LANGUAGE_STANDARD = gnu99;
				GCC_DYNAMIC_NO_PIC = NO;
				GCC_ENABLE_OBJC_EXCEPTIONS = YES;
				GCC_OPTIMIZATION_LEVEL = 0;
				GCC_PREPROCESSOR_DEFINITIONS = (
					"DEBUG=1",
					"$(inherited)",
				);
				GCC_SYMBOLS_PRIVATE_EXTERN = NO;
				GCC_WARN_64_TO_32_BIT_CONVERSION = YES;
				GCC_WARN_ABOUT_RETURN_TYPE = YES_ERROR;
				GCC_WARN_UNDECLARED_SELECTOR = YES;
				GCC_WARN_UNINITIALIZED_AUTOS = YES_AGGRESSIVE;
				GCC_WARN_UNUSED_FUNCTION = YES;
				GCC_WARN_UNUSED_VARIABLE = YES;
				MACOSX_DEPLOYMENT_TARGET = 10.9;
				ONLY_ACTIVE_ARCH = YES;
				SDKROOT = macosx;
			};
			name = Debug;
		};
		D0355E731999D3AB00EC7190 /* Release */ = {
			isa = XCBuildConfiguration;
			buildSettings = {
				ALWAYS_SEARCH_USER_PATHS = NO;
				CLANG_CXX_LANGUAGE_STANDARD = "gnu++0x";
				CLANG_CXX_LIBRARY = "libc++";
				CLANG_ENABLE_MODULES = YES;
				CLANG_ENABLE_OBJC_ARC = YES;
				CLANG_WARN_BOOL_CONVERSION = YES;
				CLANG_WARN_CONSTANT_CONVERSION = YES;
				CLANG_WARN_DIRECT_OBJC_ISA_USAGE = YES_ERROR;
				CLANG_WARN_EMPTY_BODY = YES;
				CLANG_WARN_ENUM_CONVERSION = YES;
				CLANG_WARN_INT_CONVERSION = YES;
				CLANG_WARN_OBJC_ROOT_CLASS = YES_ERROR;
				CLANG_WARN__DUPLICATE_METHOD_MATCH = YES;
				COPY_PHASE_STRIP = YES;
				DEBUG_INFORMATION_FORMAT = "dwarf-with-dsym";
				ENABLE_NS_ASSERTIONS = NO;
				GCC_C_LANGUAGE_STANDARD = gnu99;
				GCC_ENABLE_OBJC_EXCEPTIONS = YES;
				GCC_WARN_64_TO_32_BIT_CONVERSION = YES;
				GCC_WARN_ABOUT_RETURN_TYPE = YES_ERROR;
				GCC_WARN_UNDECLARED_SELECTOR = YES;
				GCC_WARN_UNINITIALIZED_AUTOS = YES_AGGRESSIVE;
				GCC_WARN_UNUSED_FUNCTION = YES;
				GCC_WARN_UNUSED_VARIABLE = YES;
				MACOSX_DEPLOYMENT_TARGET = 10.9;
				SDKROOT = macosx;
			};
			name = Release;
		};
		D0355E751999D3AB00EC7190 /* Debug */ = {
			isa = XCBuildConfiguration;
			buildSettings = {
				FRAMEWORK_SEARCH_PATHS = (
					"$(inherited)",
					/Users/peter/dev/DerivedData/Build/Products/Debug,
				);
				GCC_PRECOMPILE_PREFIX_HEADER = YES;
				GCC_PREFIX_HEADER = "consumers/dfutil/src/dfutil-Prefix.pch";
				HEADER_SEARCH_PATHS = (
					"$(inherited)",
					/Applications/Xcode.app/Contents/Developer/Toolchains/XcodeDefault.xctoolchain/usr/include,
					/usr/include/libxml2,
				);
				PRODUCT_NAME = "$(TARGET_NAME)";
				USER_HEADER_SEARCH_PATHS = "$(SRCROOT)/DocFormats/**";
			};
			name = Debug;
		};
		D0355E761999D3AB00EC7190 /* Release */ = {
			isa = XCBuildConfiguration;
			buildSettings = {
				FRAMEWORK_SEARCH_PATHS = (
					"$(inherited)",
					/Users/peter/dev/DerivedData/Build/Products/Debug,
				);
				GCC_PRECOMPILE_PREFIX_HEADER = YES;
				GCC_PREFIX_HEADER = "consumers/dfutil/src/dfutil-Prefix.pch";
				HEADER_SEARCH_PATHS = (
					"$(inherited)",
					/Applications/Xcode.app/Contents/Developer/Toolchains/XcodeDefault.xctoolchain/usr/include,
					/usr/include/libxml2,
				);
				PRODUCT_NAME = "$(TARGET_NAME)";
				USER_HEADER_SEARCH_PATHS = "$(SRCROOT)/DocFormats/**";
			};
			name = Release;
		};
/* End XCBuildConfiguration section */

/* Begin XCConfigurationList section */
		D0355E611999D3AB00EC7190 /* Build configuration list for PBXProject "dfutil" */ = {
			isa = XCConfigurationList;
			buildConfigurations = (
				D0355E721999D3AB00EC7190 /* Debug */,
				D0355E731999D3AB00EC7190 /* Release */,
			);
			defaultConfigurationIsVisible = 0;
			defaultConfigurationName = Release;
		};
		D0355E741999D3AB00EC7190 /* Build configuration list for PBXNativeTarget "dfutil" */ = {
			isa = XCConfigurationList;
			buildConfigurations = (
				D0355E751999D3AB00EC7190 /* Debug */,
				D0355E761999D3AB00EC7190 /* Release */,
			);
			defaultConfigurationIsVisible = 0;
			defaultConfigurationName = Release;
		};
/* End XCConfigurationList section */
	};
	rootObject = D0355E5E1999D3AB00EC7190 /* Project object */;
}
